// !$*UTF8*$!
{
	archiveVersion = 1;
	classes = {
	};
	objectVersion = 46;
	objects = {

/* Begin PBXBuildFile section */
		21AC743C18F2E62B0097B55F /* Foundation.framework in Frameworks */ = {isa = PBXBuildFile; fileRef = 21AC743B18F2E62B0097B55F /* Foundation.framework */; };
		21AC743E18F2E62B0097B55F /* CoreGraphics.framework in Frameworks */ = {isa = PBXBuildFile; fileRef = 21AC743D18F2E62B0097B55F /* CoreGraphics.framework */; };
		21AC744018F2E62B0097B55F /* UIKit.framework in Frameworks */ = {isa = PBXBuildFile; fileRef = 21AC743F18F2E62B0097B55F /* UIKit.framework */; };
		21AC744618F2E62B0097B55F /* InfoPlist.strings in Resources */ = {isa = PBXBuildFile; fileRef = 21AC744418F2E62B0097B55F /* InfoPlist.strings */; };
		21AC744818F2E62B0097B55F /* main.m in Sources */ = {isa = PBXBuildFile; fileRef = 21AC744718F2E62B0097B55F /* main.m */; };
		21AC744C18F2E62B0097B55F /* AppDelegate.m in Sources */ = {isa = PBXBuildFile; fileRef = 21AC744B18F2E62B0097B55F /* AppDelegate.m */; };
		21AC744F18F2E62B0097B55F /* Main.storyboard in Resources */ = {isa = PBXBuildFile; fileRef = 21AC744D18F2E62B0097B55F /* Main.storyboard */; };
		21AC745418F2E62B0097B55F /* Images.xcassets in Resources */ = {isa = PBXBuildFile; fileRef = 21AC745318F2E62B0097B55F /* Images.xcassets */; };
		21AC745B18F2E62B0097B55F /* XCTest.framework in Frameworks */ = {isa = PBXBuildFile; fileRef = 21AC745A18F2E62B0097B55F /* XCTest.framework */; };
		21AC745C18F2E62B0097B55F /* Foundation.framework in Frameworks */ = {isa = PBXBuildFile; fileRef = 21AC743B18F2E62B0097B55F /* Foundation.framework */; };
		21AC745D18F2E62B0097B55F /* UIKit.framework in Frameworks */ = {isa = PBXBuildFile; fileRef = 21AC743F18F2E62B0097B55F /* UIKit.framework */; };
		21AC746518F2E62B0097B55F /* InfoPlist.strings in Resources */ = {isa = PBXBuildFile; fileRef = 21AC746318F2E62B0097B55F /* InfoPlist.strings */; };
		21AC746718F2E62B0097B55F /* MyDiaryTests.m in Sources */ = {isa = PBXBuildFile; fileRef = 21AC746618F2E62B0097B55F /* MyDiaryTests.m */; };
		21AC747418F2E77B0097B55F /* Diary.m in Sources */ = {isa = PBXBuildFile; fileRef = 21AC747118F2E77B0097B55F /* Diary.m */; };
		21AC747518F2E77B0097B55F /* DiaryListViewController.m in Sources */ = {isa = PBXBuildFile; fileRef = 21AC747318F2E77B0097B55F /* DiaryListViewController.m */; };
		21AC747818F2E78E0097B55F /* LocationViewController.m in Sources */ = {isa = PBXBuildFile; fileRef = 21AC747718F2E78E0097B55F /* LocationViewController.m */; };
		21AC747B18F2E79E0097B55F /* DetailDiaryViewController.m in Sources */ = {isa = PBXBuildFile; fileRef = 21AC747A18F2E79E0097B55F /* DetailDiaryViewController.m */; };
		21AC748A18F2E8BB0097B55F /* a.jpg in Resources */ = {isa = PBXBuildFile; fileRef = 21AC748818F2E8BB0097B55F /* a.jpg */; };
		21AC748B18F2E8BB0097B55F /* b.jpg in Resources */ = {isa = PBXBuildFile; fileRef = 21AC748918F2E8BB0097B55F /* b.jpg */; };
		21AC749118F2EB240097B55F /* AboutViewController.m in Sources */ = {isa = PBXBuildFile; fileRef = 21AC749018F2EB240097B55F /* AboutViewController.m */; };
/* End PBXBuildFile section */

/* Begin PBXContainerItemProxy section */
		21AC745E18F2E62B0097B55F /* PBXContainerItemProxy */ = {
			isa = PBXContainerItemProxy;
			containerPortal = 21AC743018F2E62B0097B55F /* Project object */;
			proxyType = 1;
			remoteGlobalIDString = 21AC743718F2E62B0097B55F;
			remoteInfo = MyDiary;
		};
/* End PBXContainerItemProxy section */

/* Begin PBXFileReference section */
		21AC743818F2E62B0097B55F /* MyDiary.app */ = {isa = PBXFileReference; explicitFileType = wrapper.application; includeInIndex = 0; path = MyDiary.app; sourceTree = BUILT_PRODUCTS_DIR; };
		21AC743B18F2E62B0097B55F /* Foundation.framework */ = {isa = PBXFileReference; lastKnownFileType = wrapper.framework; name = Foundation.framework; path = System/Library/Frameworks/Foundation.framework; sourceTree = SDKROOT; };
		21AC743D18F2E62B0097B55F /* CoreGraphics.framework */ = {isa = PBXFileReference; lastKnownFileType = wrapper.framework; name = CoreGraphics.framework; path = System/Library/Frameworks/CoreGraphics.framework; sourceTree = SDKROOT; };
		21AC743F18F2E62B0097B55F /* UIKit.framework */ = {isa = PBXFileReference; lastKnownFileType = wrapper.framework; name = UIKit.framework; path = System/Library/Frameworks/UIKit.framework; sourceTree = SDKROOT; };
		21AC744318F2E62B0097B55F /* MyDiary-Info.plist */ = {isa = PBXFileReference; lastKnownFileType = text.plist.xml; path = "MyDiary-Info.plist"; sourceTree = "<group>"; };
		21AC744518F2E62B0097B55F /* en */ = {isa = PBXFileReference; lastKnownFileType = text.plist.strings; name = en; path = en.lproj/InfoPlist.strings; sourceTree = "<group>"; };
		21AC744718F2E62B0097B55F /* main.m */ = {isa = PBXFileReference; lastKnownFileType = sourcecode.c.objc; path = main.m; sourceTree = "<group>"; };
		21AC744918F2E62B0097B55F /* MyDiary-Prefix.pch */ = {isa = PBXFileReference; lastKnownFileType = sourcecode.c.h; path = "MyDiary-Prefix.pch"; sourceTree = "<group>"; };
		21AC744A18F2E62B0097B55F /* AppDelegate.h */ = {isa = PBXFileReference; lastKnownFileType = sourcecode.c.h; path = AppDelegate.h; sourceTree = "<group>"; };
		21AC744B18F2E62B0097B55F /* AppDelegate.m */ = {isa = PBXFileReference; lastKnownFileType = sourcecode.c.objc; path = AppDelegate.m; sourceTree = "<group>"; };
		21AC744E18F2E62B0097B55F /* Base */ = {isa = PBXFileReference; lastKnownFileType = file.storyboard; name = Base; path = Base.lproj/Main.storyboard; sourceTree = "<group>"; };
		21AC745318F2E62B0097B55F /* Images.xcassets */ = {isa = PBXFileReference; lastKnownFileType = folder.assetcatalog; path = Images.xcassets; sourceTree = "<group>"; };
		21AC745918F2E62B0097B55F /* MyDiaryTests.xctest */ = {isa = PBXFileReference; explicitFileType = wrapper.cfbundle; includeInIndex = 0; path = MyDiaryTests.xctest; sourceTree = BUILT_PRODUCTS_DIR; };
		21AC745A18F2E62B0097B55F /* XCTest.framework */ = {isa = PBXFileReference; lastKnownFileType = wrapper.framework; name = XCTest.framework; path = Library/Frameworks/XCTest.framework; sourceTree = DEVELOPER_DIR; };
		21AC746218F2E62B0097B55F /* MyDiaryTests-Info.plist */ = {isa = PBXFileReference; lastKnownFileType = text.plist.xml; path = "MyDiaryTests-Info.plist"; sourceTree = "<group>"; };
		21AC746418F2E62B0097B55F /* en */ = {isa = PBXFileReference; lastKnownFileType = text.plist.strings; name = en; path = en.lproj/InfoPlist.strings; sourceTree = "<group>"; };
		21AC746618F2E62B0097B55F /* MyDiaryTests.m */ = {isa = PBXFileReference; lastKnownFileType = sourcecode.c.objc; path = MyDiaryTests.m; sourceTree = "<group>"; };
		21AC747018F2E77B0097B55F /* Diary.h */ = {isa = PBXFileReference; fileEncoding = 4; lastKnownFileType = sourcecode.c.h; path = Diary.h; sourceTree = "<group>"; };
		21AC747118F2E77B0097B55F /* Diary.m */ = {isa = PBXFileReference; fileEncoding = 4; lastKnownFileType = sourcecode.c.objc; path = Diary.m; sourceTree = "<group>"; };
		21AC747218F2E77B0097B55F /* DiaryListViewController.h */ = {isa = PBXFileReference; fileEncoding = 4; lastKnownFileType = sourcecode.c.h; path = DiaryListViewController.h; sourceTree = "<group>"; };
		21AC747318F2E77B0097B55F /* DiaryListViewController.m */ = {isa = PBXFileReference; fileEncoding = 4; lastKnownFileType = sourcecode.c.objc; path = DiaryListViewController.m; sourceTree = "<group>"; };
		21AC747618F2E78E0097B55F /* LocationViewController.h */ = {isa = PBXFileReference; fileEncoding = 4; lastKnownFileType = sourcecode.c.h; path = LocationViewController.h; sourceTree = "<group>"; };
		21AC747718F2E78E0097B55F /* LocationViewController.m */ = {isa = PBXFileReference; fileEncoding = 4; lastKnownFileType = sourcecode.c.objc; path = LocationViewController.m; sourceTree = "<group>"; };
		21AC747918F2E79E0097B55F /* DetailDiaryViewController.h */ = {isa = PBXFileReference; fileEncoding = 4; lastKnownFileType = sourcecode.c.h; path = DetailDiaryViewController.h; sourceTree = "<group>"; };
		21AC747A18F2E79E0097B55F /* DetailDiaryViewController.m */ = {isa = PBXFileReference; fileEncoding = 4; lastKnownFileType = sourcecode.c.objc; path = DetailDiaryViewController.m; sourceTree = "<group>"; };
		21AC748818F2E8BB0097B55F /* a.jpg */ = {isa = PBXFileReference; lastKnownFileType = image.jpeg; path = a.jpg; sourceTree = "<group>"; };
		21AC748918F2E8BB0097B55F /* b.jpg */ = {isa = PBXFileReference; lastKnownFileType = image.jpeg; path = b.jpg; sourceTree = "<group>"; };
		21AC748F18F2EB240097B55F /* AboutViewController.h */ = {isa = PBXFileReference; fileEncoding = 4; lastKnownFileType = sourcecode.c.h; name = AboutViewController.h; path = ../AboutViewController.h; sourceTree = "<group>"; };
		21AC749018F2EB240097B55F /* AboutViewController.m */ = {isa = PBXFileReference; fileEncoding = 4; lastKnownFileType = sourcecode.c.objc; name = AboutViewController.m; path = ../AboutViewController.m; sourceTree = "<group>"; };
/* End PBXFileReference section */

/* Begin PBXFrameworksBuildPhase section */
		21AC743518F2E62B0097B55F /* Frameworks */ = {
			isa = PBXFrameworksBuildPhase;
			buildActionMask = 2147483647;
			files = (
				21AC743E18F2E62B0097B55F /* CoreGraphics.framework in Frameworks */,
				21AC744018F2E62B0097B55F /* UIKit.framework in Frameworks */,
				21AC743C18F2E62B0097B55F /* Foundation.framework in Frameworks */,
			);
			runOnlyForDeploymentPostprocessing = 0;
		};
		21AC745618F2E62B0097B55F /* Frameworks */ = {
			isa = PBXFrameworksBuildPhase;
			buildActionMask = 2147483647;
			files = (
				21AC745B18F2E62B0097B55F /* XCTest.framework in Frameworks */,
				21AC745D18F2E62B0097B55F /* UIKit.framework in Frameworks */,
				21AC745C18F2E62B0097B55F /* Foundation.framework in Frameworks */,
			);
			runOnlyForDeploymentPostprocessing = 0;
		};
/* End PBXFrameworksBuildPhase section */

/* Begin PBXGroup section */
		21AC742F18F2E62B0097B55F = {
			isa = PBXGroup;
			children = (
				21AC744118F2E62B0097B55F /* MyDiary */,
				21AC746018F2E62B0097B55F /* MyDiaryTests */,
				21AC743A18F2E62B0097B55F /* Frameworks */,
				21AC743918F2E62B0097B55F /* Products */,
			);
			sourceTree = "<group>";
		};
		21AC743918F2E62B0097B55F /* Products */ = {
			isa = PBXGroup;
			children = (
				21AC743818F2E62B0097B55F /* MyDiary.app */,
				21AC745918F2E62B0097B55F /* MyDiaryTests.xctest */,
			);
			name = Products;
			sourceTree = "<group>";
		};
		21AC743A18F2E62B0097B55F /* Frameworks */ = {
			isa = PBXGroup;
			children = (
				21AC743B18F2E62B0097B55F /* Foundation.framework */,
				21AC743D18F2E62B0097B55F /* CoreGraphics.framework */,
				21AC743F18F2E62B0097B55F /* UIKit.framework */,
				21AC745A18F2E62B0097B55F /* XCTest.framework */,
			);
			name = Frameworks;
			sourceTree = "<group>";
		};
		21AC744118F2E62B0097B55F /* MyDiary */ = {
			isa = PBXGroup;
			children = (
				21AC748F18F2EB240097B55F /* AboutViewController.h */,
				21AC749018F2EB240097B55F /* AboutViewController.m */,
				21AC748718F2E8A90097B55F /* resources */,
				21AC747918F2E79E0097B55F /* DetailDiaryViewController.h */,
				21AC747A18F2E79E0097B55F /* DetailDiaryViewController.m */,
				21AC747618F2E78E0097B55F /* LocationViewController.h */,
				21AC747718F2E78E0097B55F /* LocationViewController.m */,
				21AC747018F2E77B0097B55F /* Diary.h */,
				21AC747118F2E77B0097B55F /* Diary.m */,
				21AC747218F2E77B0097B55F /* DiaryListViewController.h */,
				21AC747318F2E77B0097B55F /* DiaryListViewController.m */,
				21AC744A18F2E62B0097B55F /* AppDelegate.h */,
				21AC744B18F2E62B0097B55F /* AppDelegate.m */,
				21AC744D18F2E62B0097B55F /* Main.storyboard */,
				21AC745318F2E62B0097B55F /* Images.xcassets */,
				21AC744218F2E62B0097B55F /* Supporting Files */,
			);
			path = MyDiary;
			sourceTree = "<group>";
		};
		21AC744218F2E62B0097B55F /* Supporting Files */ = {
			isa = PBXGroup;
			children = (
				21AC744318F2E62B0097B55F /* MyDiary-Info.plist */,
				21AC744418F2E62B0097B55F /* InfoPlist.strings */,
				21AC744718F2E62B0097B55F /* main.m */,
				21AC744918F2E62B0097B55F /* MyDiary-Prefix.pch */,
			);
			name = "Supporting Files";
			sourceTree = "<group>";
		};
		21AC746018F2E62B0097B55F /* MyDiaryTests */ = {
			isa = PBXGroup;
			children = (
				21AC746618F2E62B0097B55F /* MyDiaryTests.m */,
				21AC746118F2E62B0097B55F /* Supporting Files */,
			);
			path = MyDiaryTests;
			sourceTree = "<group>";
		};
		21AC746118F2E62B0097B55F /* Supporting Files */ = {
			isa = PBXGroup;
			children = (
				21AC746218F2E62B0097B55F /* MyDiaryTests-Info.plist */,
				21AC746318F2E62B0097B55F /* InfoPlist.strings */,
			);
			name = "Supporting Files";
			sourceTree = "<group>";
		};
		21AC748718F2E8A90097B55F /* resources */ = {
			isa = PBXGroup;
			children = (
				21AC748818F2E8BB0097B55F /* a.jpg */,
				21AC748918F2E8BB0097B55F /* b.jpg */,
			);
			name = resources;
			path = ..;
			sourceTree = "<group>";
		};
/* End PBXGroup section */

/* Begin PBXNativeTarget section */
		21AC743718F2E62B0097B55F /* MyDiary */ = {
			isa = PBXNativeTarget;
			buildConfigurationList = 21AC746A18F2E62B0097B55F /* Build configuration list for PBXNativeTarget "MyDiary" */;
			buildPhases = (
				21AC743418F2E62B0097B55F /* Sources */,
				21AC743518F2E62B0097B55F /* Frameworks */,
				21AC743618F2E62B0097B55F /* Resources */,
			);
			buildRules = (
			);
			dependencies = (
			);
			name = MyDiary;
			productName = MyDiary;
			productReference = 21AC743818F2E62B0097B55F /* MyDiary.app */;
			productType = "com.apple.product-type.application";
		};
		21AC745818F2E62B0097B55F /* MyDiaryTests */ = {
			isa = PBXNativeTarget;
			buildConfigurationList = 21AC746D18F2E62B0097B55F /* Build configuration list for PBXNativeTarget "MyDiaryTests" */;
			buildPhases = (
				21AC745518F2E62B0097B55F /* Sources */,
				21AC745618F2E62B0097B55F /* Frameworks */,
				21AC745718F2E62B0097B55F /* Resources */,
			);
			buildRules = (
			);
			dependencies = (
				21AC745F18F2E62B0097B55F /* PBXTargetDependency */,
			);
			name = MyDiaryTests;
			productName = MyDiaryTests;
			productReference = 21AC745918F2E62B0097B55F /* MyDiaryTests.xctest */;
			productType = "com.apple.product-type.bundle.unit-test";
		};
/* End PBXNativeTarget section */

/* Begin PBXProject section */
		21AC743018F2E62B0097B55F /* Project object */ = {
			isa = PBXProject;
			attributes = {
				LastUpgradeCheck = 0510;
				ORGANIZATIONNAME = "梁栋";
				TargetAttributes = {
					21AC745818F2E62B0097B55F = {
						TestTargetID = 21AC743718F2E62B0097B55F;
					};
				};
			};
			buildConfigurationList = 21AC743318F2E62B0097B55F /* Build configuration list for PBXProject "MyDiary" */;
			compatibilityVersion = "Xcode 3.2";
			developmentRegion = English;
			hasScannedForEncodings = 0;
			knownRegions = (
				en,
				Base,
			);
			mainGroup = 21AC742F18F2E62B0097B55F;
			productRefGroup = 21AC743918F2E62B0097B55F /* Products */;
			projectDirPath = "";
			projectRoot = "";
			targets = (
				21AC743718F2E62B0097B55F /* MyDiary */,
				21AC745818F2E62B0097B55F /* MyDiaryTests */,
			);
		};
/* End PBXProject section */

/* Begin PBXResourcesBuildPhase section */
		21AC743618F2E62B0097B55F /* Resources */ = {
			isa = PBXResourcesBuildPhase;
			buildActionMask = 2147483647;
			files = (
				21AC745418F2E62B0097B55F /* Images.xcassets in Resources */,
				21AC748B18F2E8BB0097B55F /* b.jpg in Resources */,
				21AC748A18F2E8BB0097B55F /* a.jpg in Resources */,
				21AC744618F2E62B0097B55F /* InfoPlist.strings in Resources */,
				21AC744F18F2E62B0097B55F /* Main.storyboard in Resources */,
			);
			runOnlyForDeploymentPostprocessing = 0;
		};
		21AC745718F2E62B0097B55F /* Resources */ = {
			isa = PBXResourcesBuildPhase;
			buildActionMask = 2147483647;
			files = (
				21AC746518F2E62B0097B55F /* InfoPlist.strings in Resources */,
			);
			runOnlyForDeploymentPostprocessing = 0;
		};
/* End PBXResourcesBuildPhase section */

/* Begin PBXSourcesBuildPhase section */
		21AC743418F2E62B0097B55F /* Sources */ = {
			isa = PBXSourcesBuildPhase;
			buildActionMask = 2147483647;
			files = (
				21AC747B18F2E79E0097B55F /* DetailDiaryViewController.m in Sources */,
				21AC747818F2E78E0097B55F /* LocationViewController.m in Sources */,
				21AC744C18F2E62B0097B55F /* AppDelegate.m in Sources */,
				21AC749118F2EB240097B55F /* AboutViewController.m in Sources */,
				21AC744818F2E62B0097B55F /* main.m in Sources */,
				21AC747518F2E77B0097B55F /* DiaryListViewController.m in Sources */,
				21AC747418F2E77B0097B55F /* Diary.m in Sources */,
			);
			runOnlyForDeploymentPostprocessing = 0;
		};
		21AC745518F2E62B0097B55F /* Sources */ = {
			isa = PBXSourcesBuildPhase;
			buildActionMask = 2147483647;
			files = (
				21AC746718F2E62B0097B55F /* MyDiaryTests.m in Sources */,
			);
			runOnlyForDeploymentPostprocessing = 0;
		};
/* End PBXSourcesBuildPhase section */

/* Begin PBXTargetDependency section */
		21AC745F18F2E62B0097B55F /* PBXTargetDependency */ = {
			isa = PBXTargetDependency;
			target = 21AC743718F2E62B0097B55F /* MyDiary */;
			targetProxy = 21AC745E18F2E62B0097B55F /* PBXContainerItemProxy */;
		};
/* End PBXTargetDependency section */

/* Begin PBXVariantGroup section */
		21AC744418F2E62B0097B55F /* InfoPlist.strings */ = {
			isa = PBXVariantGroup;
			children = (
				21AC744518F2E62B0097B55F /* en */,
			);
			name = InfoPlist.strings;
			sourceTree = "<group>";
		};
		21AC744D18F2E62B0097B55F /* Main.storyboard */ = {
			isa = PBXVariantGroup;
			children = (
				21AC744E18F2E62B0097B55F /* Base */,
			);
			name = Main.storyboard;
			sourceTree = "<group>";
		};
		21AC746318F2E62B0097B55F /* InfoPlist.strings */ = {
			isa = PBXVariantGroup;
			children = (
				21AC746418F2E62B0097B55F /* en */,
			);
			name = InfoPlist.strings;
			sourceTree = "<group>";
		};
/* End PBXVariantGroup section */

/* Begin XCBuildConfiguration section */
		21AC746818F2E62B0097B55F /* Debug */ = {
			isa = XCBuildConfiguration;
			buildSettings = {
				ALWAYS_SEARCH_USER_PATHS = NO;
				CLANG_CXX_LANGUAGE_STANDARD = "gnu++0x";
				CLANG_CXX_LIBRARY = "libc++";
				CLANG_ENABLE_MODULES = YES;
				CLANG_ENABLE_OBJC_ARC = YES;
				CLANG_WARN_BOOL_CONVERSION = YES;
				CLANG_WARN_CONSTANT_CONVERSION = YES;
				CLANG_WARN_DIRECT_OBJC_ISA_USAGE = YES_ERROR;
				CLANG_WARN_EMPTY_BODY = YES;
				CLANG_WARN_ENUM_CONVERSION = YES;
				CLANG_WARN_INT_CONVERSION = YES;
				CLANG_WARN_OBJC_ROOT_CLASS = YES_ERROR;
				CLANG_WARN__DUPLICATE_METHOD_MATCH = YES;
				"CODE_SIGN_IDENTITY[sdk=iphoneos*]" = "iPhone Developer";
				COPY_PHASE_STRIP = NO;
				GCC_C_LANGUAGE_STANDARD = gnu99;
				GCC_DYNAMIC_NO_PIC = NO;
				GCC_OPTIMIZATION_LEVEL = 0;
				GCC_PREPROCESSOR_DEFINITIONS = (
					"DEBUG=1",
					"$(inherited)",
				);
				GCC_SYMBOLS_PRIVATE_EXTERN = NO;
				GCC_WARN_64_TO_32_BIT_CONVERSION = YES;
				GCC_WARN_ABOUT_RETURN_TYPE = YES_ERROR;
				GCC_WARN_UNDECLARED_SELECTOR = YES;
				GCC_WARN_UNINITIALIZED_AUTOS = YES_AGGRESSIVE;
				GCC_WARN_UNUSED_FUNCTION = YES;
				GCC_WARN_UNUSED_VARIABLE = YES;
				IPHONEOS_DEPLOYMENT_TARGET = 7.1;
				ONLY_ACTIVE_ARCH = YES;
				SDKROOT = iphoneos;
			};
			name = Debug;
		};
		21AC746918F2E62B0097B55F /* Release */ = {
			isa = XCBuildConfiguration;
			buildSettings = {
				ALWAYS_SEARCH_USER_PATHS = NO;
				CLANG_CXX_LANGUAGE_STANDARD = "gnu++0x";
				CLANG_CXX_LIBRARY = "libc++";
				CLANG_ENABLE_MODULES = YES;
				CLANG_ENABLE_OBJC_ARC = YES;
				CLANG_WARN_BOOL_CONVERSION = YES;
				CLANG_WARN_CONSTANT_CONVERSION = YES;
				CLANG_WARN_DIRECT_OBJC_ISA_USAGE = YES_ERROR;
				CLANG_WARN_EMPTY_BODY = YES;
				CLANG_WARN_ENUM_CONVERSION = YES;
				CLANG_WARN_INT_CONVERSION = YES;
				CLANG_WARN_OBJC_ROOT_CLASS = YES_ERROR;
				CLANG_WARN__DUPLICATE_METHOD_MATCH = YES;
				"CODE_SIGN_IDENTITY[sdk=iphoneos*]" = "iPhone Developer";
				COPY_PHASE_STRIP = YES;
				ENABLE_NS_ASSERTIONS = NO;
				GCC_C_LANGUAGE_STANDARD = gnu99;
				GCC_WARN_64_TO_32_BIT_CONVERSION = YES;
				GCC_WARN_ABOUT_RETURN_TYPE = YES_ERROR;
				GCC_WARN_UNDECLARED_SELECTOR = YES;
				GCC_WARN_UNINITIALIZED_AUTOS = YES_AGGRESSIVE;
				GCC_WARN_UNUSED_FUNCTION = YES;
				GCC_WARN_UNUSED_VARIABLE = YES;
				IPHONEOS_DEPLOYMENT_TARGET = 7.1;
				SDKROOT = iphoneos;
				VALIDATE_PRODUCT = YES;
			};
			name = Release;
		};
		21AC746B18F2E62B0097B55F /* Debug */ = {
			isa = XCBuildConfiguration;
			buildSettings = {
				ASSETCATALOG_COMPILER_APPICON_NAME = AppIcon;
				ASSETCATALOG_COMPILER_LAUNCHIMAGE_NAME = LaunchImage;
				GCC_PRECOMPILE_PREFIX_HEADER = YES;
				GCC_PREFIX_HEADER = "MyDiary/MyDiary-Prefix.pch";
				INFOPLIST_FILE = "MyDiary/MyDiary-Info.plist";
				PRODUCT_NAME = "$(TARGET_NAME)";
				WRAPPER_EXTENSION = app;
			};
			name = Debug;
		};
		21AC746C18F2E62B0097B55F /* Release */ = {
			isa = XCBuildConfiguration;
			buildSettings = {
				ASSETCATALOG_COMPILER_APPICON_NAME = AppIcon;
				ASSETCATALOG_COMPILER_LAUNCHIMAGE_NAME = LaunchImage;
				GCC_PRECOMPILE_PREFIX_HEADER = YES;
				GCC_PREFIX_HEADER = "MyDiary/MyDiary-Prefix.pch";
				INFOPLIST_FILE = "MyDiary/MyDiary-Info.plist";
				PRODUCT_NAME = "$(TARGET_NAME)";
				WRAPPER_EXTENSION = app;
			};
			name = Release;
		};
		21AC746E18F2E62B0097B55F /* Debug */ = {
			isa = XCBuildConfiguration;
			buildSettings = {
				BUNDLE_LOADER = "$(BUILT_PRODUCTS_DIR)/MyDiary.app/MyDiary";
				FRAMEWORK_SEARCH_PATHS = (
					"$(SDKROOT)/Developer/Library/Frameworks",
					"$(inherited)",
					"$(DEVELOPER_FRAMEWORKS_DIR)",
				);
				GCC_PRECOMPILE_PREFIX_HEADER = YES;
				GCC_PREFIX_HEADER = "MyDiary/MyDiary-Prefix.pch";
				GCC_PREPROCESSOR_DEFINITIONS = (
					"DEBUG=1",
					"$(inherited)",
				);
				INFOPLIST_FILE = "MyDiaryTests/MyDiaryTests-Info.plist";
				PRODUCT_NAME = "$(TARGET_NAME)";
				TEST_HOST = "$(BUNDLE_LOADER)";
				WRAPPER_EXTENSION = xctest;
			};
			name = Debug;
		};
		21AC746F18F2E62B0097B55F /* Release */ = {
			isa = XCBuildConfiguration;
			buildSettings = {
				BUNDLE_LOADER = "$(BUILT_PRODUCTS_DIR)/MyDiary.app/MyDiary";
				FRAMEWORK_SEARCH_PATHS = (
					"$(SDKROOT)/Developer/Library/Frameworks",
					"$(inherited)",
					"$(DEVELOPER_FRAMEWORKS_DIR)",
				);
				GCC_PRECOMPILE_PREFIX_HEADER = YES;
				GCC_PREFIX_HEADER = "MyDiary/MyDiary-Prefix.pch";
				INFOPLIST_FILE = "MyDiaryTests/MyDiaryTests-Info.plist";
				PRODUCT_NAME = "$(TARGET_NAME)";
				TEST_HOST = "$(BUNDLE_LOADER)";
				WRAPPER_EXTENSION = xctest;
			};
			name = Release;
		};
/* End XCBuildConfiguration section */

/* Begin XCConfigurationList section */
		21AC743318F2E62B0097B55F /* Build configuration list for PBXProject "MyDiary" */ = {
			isa = XCConfigurationList;
			buildConfigurations = (
				21AC746818F2E62B0097B55F /* Debug */,
				21AC746918F2E62B0097B55F /* Release */,
			);
			defaultConfigurationIsVisible = 0;
			defaultConfigurationName = Release;
		};
		21AC746A18F2E62B0097B55F /* Build configuration list for PBXNativeTarget "MyDiary" */ = {
			isa = XCConfigurationList;
			buildConfigurations = (
				21AC746B18F2E62B0097B55F /* Debug */,
				21AC746C18F2E62B0097B55F /* Release */,
			);
			defaultConfigurationIsVisible = 0;
		};
		21AC746D18F2E62B0097B55F /* Build configuration list for PBXNativeTarget "MyDiaryTests" */ = {
			isa = XCConfigurationList;
			buildConfigurations = (
				21AC746E18F2E62B0097B55F /* Debug */,
				21AC746F18F2E62B0097B55F /* Release */,
			);
			defaultConfigurationIsVisible = 0;
		};
/* End XCConfigurationList section */
	};
	rootObject = 21AC743018F2E62B0097B55F /* Project object */;
}
